
Microsoft Visual Studio Solution File, Format Version 12.00
# Visual Studio Version 17
VisualStudioVersion = 17.6.33829.357
MinimumVisualStudioVersion = 10.0.40219.1
Project("{FAE04EC0-301F-11D3-BF4B-00C04F79EFBC}") = "Lab_Ass5_Ques7", "Lab_Ass5_Ques7\Lab_Ass5_Ques7.csproj", "{22C656D8-0265-4A86-8067-9D8BF15A2CA6}"
EndProject
Global
	GlobalSection(SolutionConfigurationPlatforms) = preSolution
		Debug|Any CPU = Debug|Any CPU
		Release|Any CPU = Release|Any CPU
	EndGlobalSection
	GlobalSection(ProjectConfigurationPlatforms) = postSolution
		{22C656D8-0265-4A86-8067-9D8BF15A2CA6}.Debug|Any CPU.ActiveCfg = Debug|Any CPU
		{22C656D8-0265-4A86-8067-9D8BF15A2CA6}.Debug|Any CPU.Build.0 = Debug|Any CPU
		{22C656D8-0265-4A86-8067-9D8BF15A2CA6}.Release|Any CPU.ActiveCfg = Release|Any CPU
		{22C656D8-0265-4A86-8067-9D8BF15A2CA6}.Release|Any CPU.Build.0 = Release|Any CPU
	EndGlobalSection
	GlobalSection(SolutionProperties) = preSolution
		HideSolutionNode = FALSE
	EndGlobalSection
	GlobalSection(ExtensibilityGlobals) = postSolution
		SolutionGuid = {8254F667-EF27-4757-BC36-68AC2A3B86CD}
	EndGlobalSection
EndGlobal
