
Microsoft Visual Studio Solution File, Format Version 12.00
# Visual Studio Version 17
VisualStudioVersion = 17.7.34024.191
MinimumVisualStudioVersion = 10.0.40219.1
Project("{FAE04EC0-301F-11D3-BF4B-00C04F79EFBC}") = "que2", "que2\que2.csproj", "{07B8852E-400B-45CC-953F-CBCD79CC2108}"
EndProject
Global
	GlobalSection(SolutionConfigurationPlatforms) = preSolution
		Debug|Any CPU = Debug|Any CPU
		Release|Any CPU = Release|Any CPU
	EndGlobalSection
	GlobalSection(ProjectConfigurationPlatforms) = postSolution
		{07B8852E-400B-45CC-953F-CBCD79CC2108}.Debug|Any CPU.ActiveCfg = Debug|Any CPU
		{07B8852E-400B-45CC-953F-CBCD79CC2108}.Debug|Any CPU.Build.0 = Debug|Any CPU
		{07B8852E-400B-45CC-953F-CBCD79CC2108}.Release|Any CPU.ActiveCfg = Release|Any CPU
		{07B8852E-400B-45CC-953F-CBCD79CC2108}.Release|Any CPU.Build.0 = Release|Any CPU
	EndGlobalSection
	GlobalSection(SolutionProperties) = preSolution
		HideSolutionNode = FALSE
	EndGlobalSection
	GlobalSection(ExtensibilityGlobals) = postSolution
		SolutionGuid = {DB8CAF60-CEF3-4D6B-A115-4B3CE78D854D}
	EndGlobalSection
EndGlobal
