
Microsoft Visual Studio Solution File, Format Version 12.00
# Visual Studio Version 17
VisualStudioVersion = 17.6.33829.357
MinimumVisualStudioVersion = 10.0.40219.1
Project("{FAE04EC0-301F-11D3-BF4B-00C04F79EFBC}") = "Lab_Ass5_Ques1", "Lab_Ass5_Ques1\Lab_Ass5_Ques1.csproj", "{7D2EF0AA-3ECF-4882-A32E-7A4EAAA1AEDF}"
EndProject
Global
	GlobalSection(SolutionConfigurationPlatforms) = preSolution
		Debug|Any CPU = Debug|Any CPU
		Release|Any CPU = Release|Any CPU
	EndGlobalSection
	GlobalSection(ProjectConfigurationPlatforms) = postSolution
		{7D2EF0AA-3ECF-4882-A32E-7A4EAAA1AEDF}.Debug|Any CPU.ActiveCfg = Debug|Any CPU
		{7D2EF0AA-3ECF-4882-A32E-7A4EAAA1AEDF}.Debug|Any CPU.Build.0 = Debug|Any CPU
		{7D2EF0AA-3ECF-4882-A32E-7A4EAAA1AEDF}.Release|Any CPU.ActiveCfg = Release|Any CPU
		{7D2EF0AA-3ECF-4882-A32E-7A4EAAA1AEDF}.Release|Any CPU.Build.0 = Release|Any CPU
	EndGlobalSection
	GlobalSection(SolutionProperties) = preSolution
		HideSolutionNode = FALSE
	EndGlobalSection
	GlobalSection(ExtensibilityGlobals) = postSolution
		SolutionGuid = {B04EDC30-B0DD-4133-AFC2-11704A47B4D3}
	EndGlobalSection
EndGlobal
