
Microsoft Visual Studio Solution File, Format Version 12.00
# Visual Studio Version 17
VisualStudioVersion = 17.6.33829.357
MinimumVisualStudioVersion = 10.0.40219.1
Project("{FAE04EC0-301F-11D3-BF4B-00C04F79EFBC}") = "Lab_Ass5_Ques5", "Lab_Ass5_Ques5\Lab_Ass5_Ques5.csproj", "{4000A70C-4B18-4EF8-BD3E-5AD0026B599B}"
EndProject
Global
	GlobalSection(SolutionConfigurationPlatforms) = preSolution
		Debug|Any CPU = Debug|Any CPU
		Release|Any CPU = Release|Any CPU
	EndGlobalSection
	GlobalSection(ProjectConfigurationPlatforms) = postSolution
		{4000A70C-4B18-4EF8-BD3E-5AD0026B599B}.Debug|Any CPU.ActiveCfg = Debug|Any CPU
		{4000A70C-4B18-4EF8-BD3E-5AD0026B599B}.Debug|Any CPU.Build.0 = Debug|Any CPU
		{4000A70C-4B18-4EF8-BD3E-5AD0026B599B}.Release|Any CPU.ActiveCfg = Release|Any CPU
		{4000A70C-4B18-4EF8-BD3E-5AD0026B599B}.Release|Any CPU.Build.0 = Release|Any CPU
	EndGlobalSection
	GlobalSection(SolutionProperties) = preSolution
		HideSolutionNode = FALSE
	EndGlobalSection
	GlobalSection(ExtensibilityGlobals) = postSolution
		SolutionGuid = {4C9DF798-E0E1-4CF6-9436-F06102F7013D}
	EndGlobalSection
EndGlobal
