
Microsoft Visual Studio Solution File, Format Version 12.00
# Visual Studio Version 17
VisualStudioVersion = 17.6.33829.357
MinimumVisualStudioVersion = 10.0.40219.1
Project("{FAE04EC0-301F-11D3-BF4B-00C04F79EFBC}") = "Lab_Ass5_Ques3", "Lab_Ass5_Ques3\Lab_Ass5_Ques3.csproj", "{269AE66E-68E8-4E79-B448-04C8BD34E92A}"
EndProject
Global
	GlobalSection(SolutionConfigurationPlatforms) = preSolution
		Debug|Any CPU = Debug|Any CPU
		Release|Any CPU = Release|Any CPU
	EndGlobalSection
	GlobalSection(ProjectConfigurationPlatforms) = postSolution
		{269AE66E-68E8-4E79-B448-04C8BD34E92A}.Debug|Any CPU.ActiveCfg = Debug|Any CPU
		{269AE66E-68E8-4E79-B448-04C8BD34E92A}.Debug|Any CPU.Build.0 = Debug|Any CPU
		{269AE66E-68E8-4E79-B448-04C8BD34E92A}.Release|Any CPU.ActiveCfg = Release|Any CPU
		{269AE66E-68E8-4E79-B448-04C8BD34E92A}.Release|Any CPU.Build.0 = Release|Any CPU
	EndGlobalSection
	GlobalSection(SolutionProperties) = preSolution
		HideSolutionNode = FALSE
	EndGlobalSection
	GlobalSection(ExtensibilityGlobals) = postSolution
		SolutionGuid = {92A44793-1BD5-49BC-A733-C932871C771B}
	EndGlobalSection
EndGlobal
