
Microsoft Visual Studio Solution File, Format Version 12.00
# Visual Studio Version 17
VisualStudioVersion = 17.6.33829.357
MinimumVisualStudioVersion = 10.0.40219.1
Project("{FAE04EC0-301F-11D3-BF4B-00C04F79EFBC}") = "ConsoleApp4", "ConsoleApp4.csproj", "{89FA25FC-F881-4275-A63A-4F5F3598961D}"
EndProject
Global
	GlobalSection(SolutionConfigurationPlatforms) = preSolution
		Debug|Any CPU = Debug|Any CPU
		Release|Any CPU = Release|Any CPU
	EndGlobalSection
	GlobalSection(ProjectConfigurationPlatforms) = postSolution
		{89FA25FC-F881-4275-A63A-4F5F3598961D}.Debug|Any CPU.ActiveCfg = Debug|Any CPU
		{89FA25FC-F881-4275-A63A-4F5F3598961D}.Debug|Any CPU.Build.0 = Debug|Any CPU
		{89FA25FC-F881-4275-A63A-4F5F3598961D}.Release|Any CPU.ActiveCfg = Release|Any CPU
		{89FA25FC-F881-4275-A63A-4F5F3598961D}.Release|Any CPU.Build.0 = Release|Any CPU
	EndGlobalSection
	GlobalSection(SolutionProperties) = preSolution
		HideSolutionNode = FALSE
	EndGlobalSection
	GlobalSection(ExtensibilityGlobals) = postSolution
		SolutionGuid = {05D82749-B98A-45F2-8E26-8A95B8E511FB}
	EndGlobalSection
EndGlobal
